
Microsoft Visual Studio Solution File, Format Version 12.00
# Visual Studio Version 17
VisualStudioVersion = 17.3.32929.385
MinimumVisualStudioVersion = 10.0.40219.1
Project("{FAE04EC0-301F-11D3-BF4B-00C04F79EFBC}") = "RabbitMQ.POC", "RabbitMQ.POC.csproj", "{8DE6FE24-B9C7-4297-B5C7-87C57FC88B61}"
EndProject
Global
	GlobalSection(SolutionConfigurationPlatforms) = preSolution
		Debug|Any CPU = Debug|Any CPU
		Release|Any CPU = Release|Any CPU
	EndGlobalSection
	GlobalSection(ProjectConfigurationPlatforms) = postSolution
		{8DE6FE24-B9C7-4297-B5C7-87C57FC88B61}.Debug|Any CPU.ActiveCfg = Debug|Any CPU
		{8DE6FE24-B9C7-4297-B5C7-87C57FC88B61}.Debug|Any CPU.Build.0 = Debug|Any CPU
		{8DE6FE24-B9C7-4297-B5C7-87C57FC88B61}.Release|Any CPU.ActiveCfg = Release|Any CPU
		{8DE6FE24-B9C7-4297-B5C7-87C57FC88B61}.Release|Any CPU.Build.0 = Release|Any CPU
	EndGlobalSection
	GlobalSection(SolutionProperties) = preSolution
		HideSolutionNode = FALSE
	EndGlobalSection
	GlobalSection(ExtensibilityGlobals) = postSolution
		SolutionGuid = {AA09BE4E-10F3-4919-A198-806E6C641C2E}
	EndGlobalSection
EndGlobal
